
Microsoft Visual Studio Solution File, Format Version 12.00
# Visual Studio 14
VisualStudioVersion = 14.0.24720.0
MinimumVisualStudioVersion = 10.0.40219.1
Project("{FAE04EC0-301F-11D3-BF4B-00C04F79EFBC}") = "Bob", "Bob\Bob.csproj", "{EE982DE2-6EDC-4F53-993B-AF3B94A6D473}"
EndProject
Project("{FAE04EC0-301F-11D3-BF4B-00C04F79EFBC}") = "BobTester", "BobTester\BobTester.csproj", "{4DDB777A-F276-4E14-A8E8-F70B2B903504}"
EndProject
Global
	GlobalSection(SolutionConfigurationPlatforms) = preSolution
		Debug|Any CPU = Debug|Any CPU
		Release|Any CPU = Release|Any CPU
	EndGlobalSection
	GlobalSection(ProjectConfigurationPlatforms) = postSolution
		{EE982DE2-6EDC-4F53-993B-AF3B94A6D473}.Debug|Any CPU.ActiveCfg = Debug|Any CPU
		{EE982DE2-6EDC-4F53-993B-AF3B94A6D473}.Debug|Any CPU.Build.0 = Debug|Any CPU
		{EE982DE2-6EDC-4F53-993B-AF3B94A6D473}.Release|Any CPU.ActiveCfg = Release|Any CPU
		{EE982DE2-6EDC-4F53-993B-AF3B94A6D473}.Release|Any CPU.Build.0 = Release|Any CPU
		{4DDB777A-F276-4E14-A8E8-F70B2B903504}.Debug|Any CPU.ActiveCfg = Debug|Any CPU
		{4DDB777A-F276-4E14-A8E8-F70B2B903504}.Debug|Any CPU.Build.0 = Debug|Any CPU
		{4DDB777A-F276-4E14-A8E8-F70B2B903504}.Release|Any CPU.ActiveCfg = Release|Any CPU
		{4DDB777A-F276-4E14-A8E8-F70B2B903504}.Release|Any CPU.Build.0 = Release|Any CPU
	EndGlobalSection
	GlobalSection(SolutionProperties) = preSolution
		HideSolutionNode = FALSE
	EndGlobalSection
EndGlobal
